
Microsoft Visual Studio Solution File, Format Version 12.00
# Visual Studio Version 17
VisualStudioVersion = 17.3.32929.385
MinimumVisualStudioVersion = 10.0.40219.1
Project("{9A19103F-16F7-4668-BE54-9A1E7A4F7556}") = "Myitian.LibNCM", "src\Myitian.LibNCM.csproj", "{1644C2F8-0D9F-4A63-832B-80839473F187}"
EndProject
Project("{FAE04EC0-301F-11D3-BF4B-00C04F79EFBC}") = "Example", "example\Example.csproj", "{F629ABBD-C29D-435F-934B-AF5E4932AD46}"
EndProject
Global
	GlobalSection(SolutionConfigurationPlatforms) = preSolution
		Debug|Any CPU = Debug|Any CPU
		Release|Any CPU = Release|Any CPU
	EndGlobalSection
	GlobalSection(ProjectConfigurationPlatforms) = postSolution
		{1644C2F8-0D9F-4A63-832B-80839473F187}.Debug|Any CPU.ActiveCfg = Debug|Any CPU
		{1644C2F8-0D9F-4A63-832B-80839473F187}.Debug|Any CPU.Build.0 = Debug|Any CPU
		{1644C2F8-0D9F-4A63-832B-80839473F187}.Release|Any CPU.ActiveCfg = Release|Any CPU
		{1644C2F8-0D9F-4A63-832B-80839473F187}.Release|Any CPU.Build.0 = Release|Any CPU
		{F629ABBD-C29D-435F-934B-AF5E4932AD46}.Debug|Any CPU.ActiveCfg = Debug|Any CPU
		{F629ABBD-C29D-435F-934B-AF5E4932AD46}.Debug|Any CPU.Build.0 = Debug|Any CPU
		{F629ABBD-C29D-435F-934B-AF5E4932AD46}.Release|Any CPU.ActiveCfg = Release|Any CPU
		{F629ABBD-C29D-435F-934B-AF5E4932AD46}.Release|Any CPU.Build.0 = Release|Any CPU
	EndGlobalSection
	GlobalSection(SolutionProperties) = preSolution
		HideSolutionNode = FALSE
	EndGlobalSection
	GlobalSection(ExtensibilityGlobals) = postSolution
		SolutionGuid = {8B39E162-984F-4E11-B558-59BD89753636}
	EndGlobalSection
EndGlobal
